<?xml version="1.0" encoding="utf-8"?>
<Project ToolsVersion="4.0" xmlns="http://schemas.microsoft.com/developer/msbuild/2003">
  <ItemGroup>
    <Filter Include="Source Files">
      <UniqueIdentifier>{4FC737F1-C7A5-4376-A066-2A32D752A2FF}</UniqueIdentifier>
      <Extensions>cpp;c;cc;cxx;c++;cppm;ixx;def;odl;idl;hpj;bat;asm;asmx</Extensions>
    </Filter>
    <Filter Include="Header Files">
      <UniqueIdentifier>{93995380-89BD-4b04-88EB-625FBE52EBFB}</UniqueIdentifier>
      <Extensions>h;hh;hpp;hxx;h++;hm;inl;inc;ipp;xsd</Extensions>
    </Filter>
    <Filter Include="Resource Files">
      <UniqueIdentifier>{67DA6AB6-F800-4c08-8B7A-83BB121AAD01}</UniqueIdentifier>
      <Extensions>rc;ico;cur;bmp;dlg;rc2;rct;bin;rgs;gif;jpg;jpeg;jpe;resx;tiff;tif;png;wav;mfcribbon-ms</Extensions>
    </Filter>
    <Filter Include="Header Files\utils">
      <UniqueIdentifier>{ca321c3b-f47a-4cea-a6fe-78c729edc915}</UniqueIdentifier>
    </Filter>
    <Filter Include="Source Files\utils">
      <UniqueIdentifier>{ba54816b-f7f6-4bd7-a428-42cb9d04c156}</UniqueIdentifier>
    </Filter>
    <Filter Include="Header Files\models">
      <UniqueIdentifier>{ca85e58e-a093-4fcf-a935-7d98f8817943}</UniqueIdentifier>
    </Filter>
    <Filter Include="Source Files\models">
      <UniqueIdentifier>{f5b90a74-e036-4ad7-a218-4cfc7ac93b6f}</UniqueIdentifier>
    </Filter>
    <Filter Include="Header Files\ui">
      <UniqueIdentifier>{7ea1e6cd-4ed9-412e-9dda-b13d24e1fbdc}</UniqueIdentifier>
    </Filter>
    <Filter Include="Header Files\instructions">
      <UniqueIdentifier>{5da09f1f-6e23-44ca-88a1-35e2d6f30df8}</UniqueIdentifier>
    </Filter>
    <Filter Include="Header Files\schedulers">
      <UniqueIdentifier>{d0365b11-2615-4f0b-ba1b-fcb248a7e183}</UniqueIdentifier>
    </Filter>
    <Filter Include="Source Files\ui">
      <UniqueIdentifier>{f9aec615-f0b6-4eaa-8725-8e836740f7cc}</UniqueIdentifier>
    </Filter>
    <Filter Include="Source Files\instructions">
      <UniqueIdentifier>{7afbfdf4-60c5-4cb5-926f-1d7129c49d4c}</UniqueIdentifier>
    </Filter>
    <Filter Include="Source Files\schedulers">
      <UniqueIdentifier>{abe792aa-c226-4af3-a2ba-3909f1f77d31}</UniqueIdentifier>
    </Filter>
    <Filter Include="Header Files\memory">
      <UniqueIdentifier>{57633c46-7265-408d-a485-c11ce1f5ef9a}</UniqueIdentifier>
    </Filter>
    <Filter Include="Source Files\memory">
      <UniqueIdentifier>{69e32cfe-5970-4d65-a3c3-522218f4d720}</UniqueIdentifier>
    </Filter>
  </ItemGroup>
  <ItemGroup>
    <ClCompile Include="main.cpp">
      <Filter>Source Files</Filter>
    </ClCompile>
    <ClCompile Include="ColorUtil.cpp">
      <Filter>Source Files\utils</Filter>
    </ClCompile>
    <ClCompile Include="MainMenu.cpp">
      <Filter>Source Files\ui</Filter>
    </ClCompile>
    <ClCompile Include="Process.cpp">
      <Filter>Source Files\models</Filter>
    </ClCompile>
    <ClCompile Include="ProcessScreen.cpp">
      <Filter>Source Files\ui</Filter>
    </ClCompile>
    <ClCompile Include="DeclareInstruction.h">
      <Filter>Header Files\instructions</Filter>
    </ClCompile>
    <ClCompile Include="SystemConfig.cpp">
      <Filter>Source Files\models</Filter>
    </ClCompile>
    <ClCompile Include="Core.cpp">
      <Filter>Source Files\models</Filter>
    </ClCompile>
    <ClCompile Include="AddInstruction.cpp">
      <Filter>Source Files\instructions</Filter>
    </ClCompile>
    <ClCompile Include="DeclareInstruction.cpp">
      <Filter>Source Files\instructions</Filter>
    </ClCompile>
    <ClCompile Include="ForInstruction.cpp">
      <Filter>Source Files\instructions</Filter>
    </ClCompile>
    <ClCompile Include="InstructionGenerator.cpp">
      <Filter>Source Files\instructions</Filter>
    </ClCompile>
    <ClCompile Include="PrintInstruction.cpp">
      <Filter>Source Files\instructions</Filter>
    </ClCompile>
    <ClCompile Include="SleepInstruction.cpp">
      <Filter>Source Files\instructions</Filter>
    </ClCompile>
    <ClCompile Include="SubtractInstruction.cpp">
      <Filter>Source Files\instructions</Filter>
    </ClCompile>
    <ClCompile Include="Console.cpp">
      <Filter>Source Files\ui</Filter>
    </ClCompile>
    <ClCompile Include="ConsoleUtil.cpp">
      <Filter>Source Files\utils</Filter>
    </ClCompile>
    <ClCompile Include="FCFSScheduler.cpp">
      <Filter>Source Files\schedulers</Filter>
    </ClCompile>
    <ClCompile Include="RRScheduler.cpp">
      <Filter>Source Files\schedulers</Filter>
    </ClCompile>
    <ClCompile Include="GlobalScheduler.cpp">
      <Filter>Source Files\schedulers</Filter>
    </ClCompile>
  </ItemGroup>
  <ItemGroup>
    <ClInclude Include="ColorUtil.h">
      <Filter>Header Files\utils</Filter>
    </ClInclude>
    <ClInclude Include="MainMenu.h">
      <Filter>Header Files\ui</Filter>
    </ClInclude>
    <ClInclude Include="Process.h">
      <Filter>Header Files\models</Filter>
    </ClInclude>
    <ClInclude Include="ConsoleLayout.h">
      <Filter>Header Files\ui</Filter>
    </ClInclude>
    <ClInclude Include="ProcessScreen.h">
      <Filter>Header Files\ui</Filter>
    </ClInclude>
    <ClInclude Include="Core.h">
      <Filter>Header Files\models</Filter>
    </ClInclude>
    <ClInclude Include="Instruction.h">
      <Filter>Header Files\instructions</Filter>
    </ClInclude>
    <ClInclude Include="AddInstruction.h">
      <Filter>Header Files\instructions</Filter>
    </ClInclude>
    <ClInclude Include="ForInstruction.h">
      <Filter>Header Files\instructions</Filter>
    </ClInclude>
    <ClInclude Include="PrintInstruction.h">
      <Filter>Header Files\instructions</Filter>
    </ClInclude>
    <ClInclude Include="SubtractInstruction.h">
      <Filter>Header Files\instructions</Filter>
    </ClInclude>
    <ClInclude Include="SleepInstruction.h">
      <Filter>Header Files\instructions</Filter>
    </ClInclude>
    <ClInclude Include="FCFSScheduler.h">
      <Filter>Header Files\schedulers</Filter>
    </ClInclude>
    <ClInclude Include="Scheduler.h">
      <Filter>Header Files\schedulers</Filter>
    </ClInclude>
    <ClInclude Include="GlobalScheduler.h">
      <Filter>Header Files\schedulers</Filter>
    </ClInclude>
    <ClInclude Include="RRScheduler.h">
      <Filter>Header Files\schedulers</Filter>
    </ClInclude>
    <ClInclude Include="SystemConfig.h">
      <Filter>Header Files\models</Filter>
    </ClInclude>
    <ClInclude Include="ConsoleUtil.h">
      <Filter>Header Files\utils</Filter>
    </ClInclude>
    <ClInclude Include="InstructionGenerator.h">
      <Filter>Header Files\instructions</Filter>
    </ClInclude>
    <ClInclude Include="Console.h">
      <Filter>Header Files\ui</Filter>
    </ClInclude>
    <ClInclude Include="Globals.h">
      <Filter>Header Files\utils</Filter>
    </ClInclude>
  </ItemGroup>
  <ItemGroup>
    <Text Include="config.txt" />
  </ItemGroup>
</Project>