<?xml version="1.0" encoding="utf-8"?>
<Project ToolsVersion="4.0" xmlns="http://schemas.microsoft.com/developer/msbuild/2003">
  <ItemGroup>
    <Filter Include="Source Files">
      <UniqueIdentifier>{4FC737F1-C7A5-4376-A066-2A32D752A2FF}</UniqueIdentifier>
      <Extensions>cpp;c;cc;cxx;c++;cppm;ixx;def;odl;idl;hpj;bat;asm;asmx</Extensions>
    </Filter>
    <Filter Include="Header Files">
      <UniqueIdentifier>{93995380-89BD-4b04-88EB-625FBE52EBFB}</UniqueIdentifier>
      <Extensions>h;hh;hpp;hxx;h++;hm;inl;inc;ipp;xsd</Extensions>
    </Filter>
    <Filter Include="Resource Files">
      <UniqueIdentifier>{67DA6AB6-F800-4c08-8B7A-83BB121AAD01}</UniqueIdentifier>
      <Extensions>rc;ico;cur;bmp;dlg;rc2;rct;bin;rgs;gif;jpg;jpeg;jpe;resx;tiff;tif;png;wav;mfcribbon-ms</Extensions>
    </Filter>
    <Filter Include="Header Files\utils">
      <UniqueIdentifier>{ca321c3b-f47a-4cea-a6fe-78c729edc915}</UniqueIdentifier>
    </Filter>
    <Filter Include="Source Files\utils">
      <UniqueIdentifier>{ba54816b-f7f6-4bd7-a428-42cb9d04c156}</UniqueIdentifier>
    </Filter>
    <Filter Include="Source Files\layouts">
      <UniqueIdentifier>{f9aec615-f0b6-4eaa-8725-8e836740f7cc}</UniqueIdentifier>
    </Filter>
    <Filter Include="Header Files\layout">
      <UniqueIdentifier>{7ea1e6cd-4ed9-412e-9dda-b13d24e1fbdc}</UniqueIdentifier>
    </Filter>
    <Filter Include="Header Files\models">
      <UniqueIdentifier>{ca85e58e-a093-4fcf-a935-7d98f8817943}</UniqueIdentifier>
    </Filter>
    <Filter Include="Source Files\models">
      <UniqueIdentifier>{f5b90a74-e036-4ad7-a218-4cfc7ac93b6f}</UniqueIdentifier>
    </Filter>
    <Filter Include="Header Files\schedulers">
      <UniqueIdentifier>{59cae6d5-20b6-44a7-bce1-264dcdb24bcd}</UniqueIdentifier>
    </Filter>
    <Filter Include="Source Files\schedulers">
      <UniqueIdentifier>{3a5fdf2f-f186-4d7b-9d19-b53d2664272a}</UniqueIdentifier>
    </Filter>
  </ItemGroup>
  <ItemGroup>
    <ClCompile Include="main.cpp">
      <Filter>Source Files</Filter>
    </ClCompile>
    <ClCompile Include="ColorUtils.cpp">
      <Filter>Source Files\utils</Filter>
    </ClCompile>
    <ClCompile Include="MainMenuLayout.cpp">
      <Filter>Source Files\layouts</Filter>
    </ClCompile>
    <ClCompile Include="Process.cpp">
      <Filter>Source Files\models</Filter>
    </ClCompile>
    <ClCompile Include="Console.cpp">
      <Filter>Source Files</Filter>
    </ClCompile>
    <ClCompile Include="ProcessScreenLayout.cpp">
      <Filter>Source Files\layouts</Filter>
    </ClCompile>
    <ClCompile Include="FCFSScheduler.cpp">
      <Filter>Source Files\schedulers</Filter>
    </ClCompile>
  </ItemGroup>
  <ItemGroup>
    <ClInclude Include="ColorUtils.h">
      <Filter>Header Files\utils</Filter>
    </ClInclude>
    <ClInclude Include="MainMenuLayout.h">
      <Filter>Header Files\layout</Filter>
    </ClInclude>
    <ClInclude Include="Process.h">
      <Filter>Header Files\models</Filter>
    </ClInclude>
    <ClInclude Include="ConsoleLayout.h">
      <Filter>Header Files\layout</Filter>
    </ClInclude>
    <ClInclude Include="Console.h">
      <Filter>Header Files</Filter>
    </ClInclude>
    <ClInclude Include="ProcessScreenLayout.h">
      <Filter>Header Files\layout</Filter>
    </ClInclude>
    <ClInclude Include="FCFSScheduler.h">
      <Filter>Header Files\schedulers</Filter>
    </ClInclude>
    <ClInclude Include="Scheduler.h">
      <Filter>Header Files\schedulers</Filter>
    </ClInclude>
  </ItemGroup>
</Project>